
Microsoft Visual Studio Solution File, Format Version 12.00
# Visual Studio Version 16
VisualStudioVersion = 16.0.29519.181
MinimumVisualStudioVersion = 10.0.40219.1
Project("{FAE04EC0-301F-11D3-BF4B-00C04F79EFBC}") = "CS20483.Tipos", "CS20483.Tipos\CS20483.Tipos.csproj", "{002D5B44-332B-4348-9E6D-791EE19D39B6}"
EndProject
Project("{FAE04EC0-301F-11D3-BF4B-00C04F79EFBC}") = "CS20483.ConsoleApp", "CS20483.ConsoleApp\CS20483.ConsoleApp.csproj", "{F508A0B9-B059-4BEB-B651-DF8111055299}"
EndProject
Project("{9A19103F-16F7-4668-BE54-9A1E7A4F7556}") = "CS20483.Aula2", "CS20483.Aula2\CS20483.Aula2.csproj", "{755BB3FB-70BD-4903-8F83-0383A5B41347}"
EndProject
Project("{2150E333-8FDC-42A3-9474-1A3956D46DE8}") = "Modulo1", "Modulo1", "{6ED13803-DEC0-4E61-B29B-83C28DA6A2B5}"
EndProject
Project("{2150E333-8FDC-42A3-9474-1A3956D46DE8}") = "Modulo2", "Modulo2", "{7EC143C2-3B3A-46D5-B582-125461B6C786}"
EndProject
Project("{2150E333-8FDC-42A3-9474-1A3956D46DE8}") = "Modulo3", "Modulo3", "{0BC8FD00-9759-4396-8AC2-0605CE47C3E3}"
EndProject
Project("{2150E333-8FDC-42A3-9474-1A3956D46DE8}") = "Modulo4", "Modulo4", "{F81BA14E-904E-4A50-B5D0-4D4B67595B03}"
EndProject
Project("{2150E333-8FDC-42A3-9474-1A3956D46DE8}") = "Modulo5", "Modulo5", "{4AE0B4D4-F73B-48DF-BDFD-8BD557A04EFD}"
EndProject
Project("{2150E333-8FDC-42A3-9474-1A3956D46DE8}") = "Modulo6", "Modulo6", "{726F2FA6-A22D-4F5B-9917-A0AA7442914B}"
EndProject
Project("{FAE04EC0-301F-11D3-BF4B-00C04F79EFBC}") = "CS20483.Modulo1.Aula1", "CS20483.Modulo1.Aula1\CS20483.Modulo1.Aula1.csproj", "{6C9F9AE3-7CEE-4EE3-9477-A8FFE40AA78B}"
EndProject
Global
	GlobalSection(SolutionConfigurationPlatforms) = preSolution
		Debug|Any CPU = Debug|Any CPU
		Release|Any CPU = Release|Any CPU
	EndGlobalSection
	GlobalSection(ProjectConfigurationPlatforms) = postSolution
		{002D5B44-332B-4348-9E6D-791EE19D39B6}.Debug|Any CPU.ActiveCfg = Debug|Any CPU
		{002D5B44-332B-4348-9E6D-791EE19D39B6}.Debug|Any CPU.Build.0 = Debug|Any CPU
		{002D5B44-332B-4348-9E6D-791EE19D39B6}.Release|Any CPU.ActiveCfg = Release|Any CPU
		{002D5B44-332B-4348-9E6D-791EE19D39B6}.Release|Any CPU.Build.0 = Release|Any CPU
		{F508A0B9-B059-4BEB-B651-DF8111055299}.Debug|Any CPU.ActiveCfg = Debug|Any CPU
		{F508A0B9-B059-4BEB-B651-DF8111055299}.Debug|Any CPU.Build.0 = Debug|Any CPU
		{F508A0B9-B059-4BEB-B651-DF8111055299}.Release|Any CPU.ActiveCfg = Release|Any CPU
		{F508A0B9-B059-4BEB-B651-DF8111055299}.Release|Any CPU.Build.0 = Release|Any CPU
		{755BB3FB-70BD-4903-8F83-0383A5B41347}.Debug|Any CPU.ActiveCfg = Debug|Any CPU
		{755BB3FB-70BD-4903-8F83-0383A5B41347}.Debug|Any CPU.Build.0 = Debug|Any CPU
		{755BB3FB-70BD-4903-8F83-0383A5B41347}.Release|Any CPU.ActiveCfg = Release|Any CPU
		{755BB3FB-70BD-4903-8F83-0383A5B41347}.Release|Any CPU.Build.0 = Release|Any CPU
		{6C9F9AE3-7CEE-4EE3-9477-A8FFE40AA78B}.Debug|Any CPU.ActiveCfg = Debug|Any CPU
		{6C9F9AE3-7CEE-4EE3-9477-A8FFE40AA78B}.Debug|Any CPU.Build.0 = Debug|Any CPU
		{6C9F9AE3-7CEE-4EE3-9477-A8FFE40AA78B}.Release|Any CPU.ActiveCfg = Release|Any CPU
		{6C9F9AE3-7CEE-4EE3-9477-A8FFE40AA78B}.Release|Any CPU.Build.0 = Release|Any CPU
	EndGlobalSection
	GlobalSection(SolutionProperties) = preSolution
		HideSolutionNode = FALSE
	EndGlobalSection
	GlobalSection(NestedProjects) = preSolution
		{6C9F9AE3-7CEE-4EE3-9477-A8FFE40AA78B} = {6ED13803-DEC0-4E61-B29B-83C28DA6A2B5}
	EndGlobalSection
	GlobalSection(ExtensibilityGlobals) = postSolution
		SolutionGuid = {1A763ACB-C447-4C6D-ACE3-0CB9CA8D4CAE}
	EndGlobalSection
EndGlobal
