
Microsoft Visual Studio Solution File, Format Version 12.00
# Visual Studio Version 16
VisualStudioVersion = 16.0.29519.181
MinimumVisualStudioVersion = 10.0.40219.1
Project("{FAE04EC0-301F-11D3-BF4B-00C04F79EFBC}") = "CS20483.Tipos", "CS20483.Tipos\CS20483.Tipos.csproj", "{002D5B44-332B-4348-9E6D-791EE19D39B6}"
EndProject
Project("{FAE04EC0-301F-11D3-BF4B-00C04F79EFBC}") = "CS20483.ConsoleApp", "CS20483.ConsoleApp\CS20483.ConsoleApp.csproj", "{F508A0B9-B059-4BEB-B651-DF8111055299}"
EndProject
Project("{9A19103F-16F7-4668-BE54-9A1E7A4F7556}") = "CS20483.Aula2", "CS20483.Aula2\CS20483.Aula2.csproj", "{755BB3FB-70BD-4903-8F83-0383A5B41347}"
EndProject
Project("{FAE04EC0-301F-11D3-BF4B-00C04F79EFBC}") = "CS20483.Aula1", "CS20483.Aula1\CS20483.Aula1.csproj", "{7258FE51-1256-4308-8185-9B7BCB51EED4}"
EndProject
Global
	GlobalSection(SolutionConfigurationPlatforms) = preSolution
		Debug|Any CPU = Debug|Any CPU
		Release|Any CPU = Release|Any CPU
	EndGlobalSection
	GlobalSection(ProjectConfigurationPlatforms) = postSolution
		{002D5B44-332B-4348-9E6D-791EE19D39B6}.Debug|Any CPU.ActiveCfg = Debug|Any CPU
		{002D5B44-332B-4348-9E6D-791EE19D39B6}.Debug|Any CPU.Build.0 = Debug|Any CPU
		{002D5B44-332B-4348-9E6D-791EE19D39B6}.Release|Any CPU.ActiveCfg = Release|Any CPU
		{002D5B44-332B-4348-9E6D-791EE19D39B6}.Release|Any CPU.Build.0 = Release|Any CPU
		{F508A0B9-B059-4BEB-B651-DF8111055299}.Debug|Any CPU.ActiveCfg = Debug|Any CPU
		{F508A0B9-B059-4BEB-B651-DF8111055299}.Debug|Any CPU.Build.0 = Debug|Any CPU
		{F508A0B9-B059-4BEB-B651-DF8111055299}.Release|Any CPU.ActiveCfg = Release|Any CPU
		{F508A0B9-B059-4BEB-B651-DF8111055299}.Release|Any CPU.Build.0 = Release|Any CPU
		{755BB3FB-70BD-4903-8F83-0383A5B41347}.Debug|Any CPU.ActiveCfg = Debug|Any CPU
		{755BB3FB-70BD-4903-8F83-0383A5B41347}.Debug|Any CPU.Build.0 = Debug|Any CPU
		{755BB3FB-70BD-4903-8F83-0383A5B41347}.Release|Any CPU.ActiveCfg = Release|Any CPU
		{755BB3FB-70BD-4903-8F83-0383A5B41347}.Release|Any CPU.Build.0 = Release|Any CPU
		{7258FE51-1256-4308-8185-9B7BCB51EED4}.Debug|Any CPU.ActiveCfg = Debug|Any CPU
		{7258FE51-1256-4308-8185-9B7BCB51EED4}.Debug|Any CPU.Build.0 = Debug|Any CPU
		{7258FE51-1256-4308-8185-9B7BCB51EED4}.Release|Any CPU.ActiveCfg = Release|Any CPU
		{7258FE51-1256-4308-8185-9B7BCB51EED4}.Release|Any CPU.Build.0 = Release|Any CPU
	EndGlobalSection
	GlobalSection(SolutionProperties) = preSolution
		HideSolutionNode = FALSE
	EndGlobalSection
	GlobalSection(ExtensibilityGlobals) = postSolution
		SolutionGuid = {1A763ACB-C447-4C6D-ACE3-0CB9CA8D4CAE}
	EndGlobalSection
EndGlobal
